
Microsoft Visual Studio Solution File, Format Version 12.00
# Visual Studio 15
VisualStudioVersion = 15.0.28010.2026
MinimumVisualStudioVersion = 10.0.40219.1
Project("{FAE04EC0-301F-11D3-BF4B-00C04F79EFBC}") = "TMPE Emergency Vehicle Extension", "TMPE-EVE\TMPE-EVE.csproj", "{ED521FF4-73CD-473A-8160-50522A150660}"
EndProject
Global
	GlobalSection(SolutionConfigurationPlatforms) = preSolution
		Debug|Any CPU = Debug|Any CPU
		Release|Any CPU = Release|Any CPU
	EndGlobalSection
	GlobalSection(ProjectConfigurationPlatforms) = postSolution
		{ED521FF4-73CD-473A-8160-50522A150660}.Debug|Any CPU.ActiveCfg = Debug|Any CPU
		{ED521FF4-73CD-473A-8160-50522A150660}.Debug|Any CPU.Build.0 = Debug|Any CPU
		{ED521FF4-73CD-473A-8160-50522A150660}.Release|Any CPU.ActiveCfg = Release|Any CPU
		{ED521FF4-73CD-473A-8160-50522A150660}.Release|Any CPU.Build.0 = Release|Any CPU
	EndGlobalSection
	GlobalSection(SolutionProperties) = preSolution
		HideSolutionNode = FALSE
	EndGlobalSection
	GlobalSection(ExtensibilityGlobals) = postSolution
		SolutionGuid = {2FEA0524-F10A-4032-9EAD-29FD965C9D7C}
	EndGlobalSection
EndGlobal
